
Microsoft Visual Studio Solution File, Format Version 12.00
# Visual Studio 15
Project("{FAE04EC0-301F-11D3-BF4B-00C04F79EFBC}") = "Battlehub.RTHandles", "Battlehub.RTHandles.csproj", "{F938C805-6B41-A914-E8CE-C56B7F1468A6}"
EndProject
Project("{FAE04EC0-301F-11D3-BF4B-00C04F79EFBC}") = "Battlehub.RTCommon", "Battlehub.RTCommon.csproj", "{D6E648A3-12F0-ABD8-34CF-806625D45F82}"
EndProject
Project("{FAE04EC0-301F-11D3-BF4B-00C04F79EFBC}") = "Assembly-CSharp", "Assembly-CSharp.csproj", "{216902FE-4165-05D1-83D4-CC37B967CF28}"
EndProject
Project("{FAE04EC0-301F-11D3-BF4B-00C04F79EFBC}") = "Battlehub.RTEditor", "Battlehub.RTEditor.csproj", "{878B669E-5275-0089-44A4-72C4F651A567}"
EndProject
Project("{FAE04EC0-301F-11D3-BF4B-00C04F79EFBC}") = "ProBuilderIntegration", "ProBuilderIntegration.csproj", "{DD736506-3B83-86EF-CCA0-8CCCB114BD0A}"
EndProject
Project("{FAE04EC0-301F-11D3-BF4B-00C04F79EFBC}") = "HSVPicker", "HSVPicker.csproj", "{1A6BDCE9-844A-4360-193F-D1C75E711320}"
EndProject
Project("{FAE04EC0-301F-11D3-BF4B-00C04F79EFBC}") = "Battlehub.ObjectToTexture", "Battlehub.ObjectToTexture.csproj", "{B155A738-AD86-F9BE-B999-3F37AF04F500}"
EndProject
Project("{FAE04EC0-301F-11D3-BF4B-00C04F79EFBC}") = "Battlehub.RTTerrain", "Battlehub.RTTerrain.csproj", "{0069B21B-A7FC-00CD-DF30-4F95749E50B1}"
EndProject
Project("{FAE04EC0-301F-11D3-BF4B-00C04F79EFBC}") = "Battlehub.UIControls", "Battlehub.UIControls.csproj", "{5EF091D9-D3A7-DDB4-A3D3-9836E0BFE975}"
EndProject
Project("{FAE04EC0-301F-11D3-BF4B-00C04F79EFBC}") = "Battlehub.RTMeasurement", "Battlehub.RTMeasurement.csproj", "{359DAABE-0FE2-9F7F-1340-862527357AAF}"
EndProject
Project("{FAE04EC0-301F-11D3-BF4B-00C04F79EFBC}") = "StandaloneFileBrowser", "StandaloneFileBrowser.csproj", "{1459CD07-FA33-4F20-FBFC-54147EA2B559}"
EndProject
Project("{FAE04EC0-301F-11D3-BF4B-00C04F79EFBC}") = "Battlehub.RTSL.Interface", "Battlehub.RTSL.Interface.csproj", "{8F5ED307-8C1C-A195-1F37-CC33E284F029}"
EndProject
Project("{FAE04EC0-301F-11D3-BF4B-00C04F79EFBC}") = "Battlehub.MeshEditor", "Battlehub.MeshEditor.csproj", "{0CB92C0B-F10A-99BF-9899-B19BF48F71D4}"
EndProject
Project("{FAE04EC0-301F-11D3-BF4B-00C04F79EFBC}") = "Battlehub.RTDeformer", "Battlehub.RTDeformer.csproj", "{A075B078-26EE-C964-ECF7-43F220AABE87}"
EndProject
Project("{FAE04EC0-301F-11D3-BF4B-00C04F79EFBC}") = "Battlehub.RTGizmos", "Battlehub.RTGizmos.csproj", "{3805D4EE-F9AC-3B3A-9548-204DFDC07DF7}"
EndProject
Project("{FAE04EC0-301F-11D3-BF4B-00C04F79EFBC}") = "Battlehub.RTBuilder", "Battlehub.RTBuilder.csproj", "{54523B7D-AE43-6219-12A7-F78984EF0E94}"
EndProject
Project("{FAE04EC0-301F-11D3-BF4B-00C04F79EFBC}") = "Battlehub.Utils", "Battlehub.Utils.csproj", "{BCA89DEE-A03E-4605-8BF4-7D1AC9BCA3A5}"
EndProject
Project("{FAE04EC0-301F-11D3-BF4B-00C04F79EFBC}") = "Battlehub.RTDemoGame", "Battlehub.RTDemoGame.csproj", "{8BDB3994-F469-A89A-6192-736EA31A01AA}"
EndProject
Project("{FAE04EC0-301F-11D3-BF4B-00C04F79EFBC}") = "Battlehub.Tools", "Battlehub.Tools.csproj", "{12A3F707-D1AA-8C6C-F93A-F9C5896D7D64}"
EndProject
Project("{FAE04EC0-301F-11D3-BF4B-00C04F79EFBC}") = "Battlehub.RTScripting", "Battlehub.RTScripting.csproj", "{0BAE68BD-2B89-0C5F-D9B7-B5F75D78527A}"
EndProject
Project("{FAE04EC0-301F-11D3-BF4B-00C04F79EFBC}") = "CodeAnalysis", "CodeAnalysis.csproj", "{555569C0-C0E7-B453-DD42-BE35B304098F}"
EndProject
Project("{FAE04EC0-301F-11D3-BF4B-00C04F79EFBC}") = "Battlehub.Localization", "Battlehub.Localization.csproj", "{4F6A0722-61A0-7CB8-6CED-1539106D1D9C}"
EndProject
Project("{FAE04EC0-301F-11D3-BF4B-00C04F79EFBC}") = "Assembly-CSharp-Editor", "Assembly-CSharp-Editor.csproj", "{58BC3553-E71B-A08C-C842-69EB1B16D857}"
EndProject
Global
	GlobalSection(SolutionConfigurationPlatforms) = preSolution
		Debug|Any CPU = Debug|Any CPU
		Release|Any CPU = Release|Any CPU
	EndGlobalSection
	GlobalSection(ProjectConfigurationPlatforms) = postSolution
		{F938C805-6B41-A914-E8CE-C56B7F1468A6}.Debug|Any CPU.ActiveCfg = Debug|Any CPU
		{F938C805-6B41-A914-E8CE-C56B7F1468A6}.Debug|Any CPU.Build.0 = Debug|Any CPU
		{F938C805-6B41-A914-E8CE-C56B7F1468A6}.Release|Any CPU.ActiveCfg = Release|Any CPU
		{F938C805-6B41-A914-E8CE-C56B7F1468A6}.Release|Any CPU.Build.0 = Release|Any CPU
		{D6E648A3-12F0-ABD8-34CF-806625D45F82}.Debug|Any CPU.ActiveCfg = Debug|Any CPU
		{D6E648A3-12F0-ABD8-34CF-806625D45F82}.Debug|Any CPU.Build.0 = Debug|Any CPU
		{D6E648A3-12F0-ABD8-34CF-806625D45F82}.Release|Any CPU.ActiveCfg = Release|Any CPU
		{D6E648A3-12F0-ABD8-34CF-806625D45F82}.Release|Any CPU.Build.0 = Release|Any CPU
		{216902FE-4165-05D1-83D4-CC37B967CF28}.Debug|Any CPU.ActiveCfg = Debug|Any CPU
		{216902FE-4165-05D1-83D4-CC37B967CF28}.Debug|Any CPU.Build.0 = Debug|Any CPU
		{216902FE-4165-05D1-83D4-CC37B967CF28}.Release|Any CPU.ActiveCfg = Release|Any CPU
		{216902FE-4165-05D1-83D4-CC37B967CF28}.Release|Any CPU.Build.0 = Release|Any CPU
		{878B669E-5275-0089-44A4-72C4F651A567}.Debug|Any CPU.ActiveCfg = Debug|Any CPU
		{878B669E-5275-0089-44A4-72C4F651A567}.Debug|Any CPU.Build.0 = Debug|Any CPU
		{878B669E-5275-0089-44A4-72C4F651A567}.Release|Any CPU.ActiveCfg = Release|Any CPU
		{878B669E-5275-0089-44A4-72C4F651A567}.Release|Any CPU.Build.0 = Release|Any CPU
		{DD736506-3B83-86EF-CCA0-8CCCB114BD0A}.Debug|Any CPU.ActiveCfg = Debug|Any CPU
		{DD736506-3B83-86EF-CCA0-8CCCB114BD0A}.Debug|Any CPU.Build.0 = Debug|Any CPU
		{DD736506-3B83-86EF-CCA0-8CCCB114BD0A}.Release|Any CPU.ActiveCfg = Release|Any CPU
		{DD736506-3B83-86EF-CCA0-8CCCB114BD0A}.Release|Any CPU.Build.0 = Release|Any CPU
		{1A6BDCE9-844A-4360-193F-D1C75E711320}.Debug|Any CPU.ActiveCfg = Debug|Any CPU
		{1A6BDCE9-844A-4360-193F-D1C75E711320}.Debug|Any CPU.Build.0 = Debug|Any CPU
		{1A6BDCE9-844A-4360-193F-D1C75E711320}.Release|Any CPU.ActiveCfg = Release|Any CPU
		{1A6BDCE9-844A-4360-193F-D1C75E711320}.Release|Any CPU.Build.0 = Release|Any CPU
		{B155A738-AD86-F9BE-B999-3F37AF04F500}.Debug|Any CPU.ActiveCfg = Debug|Any CPU
		{B155A738-AD86-F9BE-B999-3F37AF04F500}.Debug|Any CPU.Build.0 = Debug|Any CPU
		{B155A738-AD86-F9BE-B999-3F37AF04F500}.Release|Any CPU.ActiveCfg = Release|Any CPU
		{B155A738-AD86-F9BE-B999-3F37AF04F500}.Release|Any CPU.Build.0 = Release|Any CPU
		{0069B21B-A7FC-00CD-DF30-4F95749E50B1}.Debug|Any CPU.ActiveCfg = Debug|Any CPU
		{0069B21B-A7FC-00CD-DF30-4F95749E50B1}.Debug|Any CPU.Build.0 = Debug|Any CPU
		{0069B21B-A7FC-00CD-DF30-4F95749E50B1}.Release|Any CPU.ActiveCfg = Release|Any CPU
		{0069B21B-A7FC-00CD-DF30-4F95749E50B1}.Release|Any CPU.Build.0 = Release|Any CPU
		{5EF091D9-D3A7-DDB4-A3D3-9836E0BFE975}.Debug|Any CPU.ActiveCfg = Debug|Any CPU
		{5EF091D9-D3A7-DDB4-A3D3-9836E0BFE975}.Debug|Any CPU.Build.0 = Debug|Any CPU
		{5EF091D9-D3A7-DDB4-A3D3-9836E0BFE975}.Release|Any CPU.ActiveCfg = Release|Any CPU
		{5EF091D9-D3A7-DDB4-A3D3-9836E0BFE975}.Release|Any CPU.Build.0 = Release|Any CPU
		{359DAABE-0FE2-9F7F-1340-862527357AAF}.Debug|Any CPU.ActiveCfg = Debug|Any CPU
		{359DAABE-0FE2-9F7F-1340-862527357AAF}.Debug|Any CPU.Build.0 = Debug|Any CPU
		{359DAABE-0FE2-9F7F-1340-862527357AAF}.Release|Any CPU.ActiveCfg = Release|Any CPU
		{359DAABE-0FE2-9F7F-1340-862527357AAF}.Release|Any CPU.Build.0 = Release|Any CPU
		{1459CD07-FA33-4F20-FBFC-54147EA2B559}.Debug|Any CPU.ActiveCfg = Debug|Any CPU
		{1459CD07-FA33-4F20-FBFC-54147EA2B559}.Debug|Any CPU.Build.0 = Debug|Any CPU
		{1459CD07-FA33-4F20-FBFC-54147EA2B559}.Release|Any CPU.ActiveCfg = Release|Any CPU
		{1459CD07-FA33-4F20-FBFC-54147EA2B559}.Release|Any CPU.Build.0 = Release|Any CPU
		{8F5ED307-8C1C-A195-1F37-CC33E284F029}.Debug|Any CPU.ActiveCfg = Debug|Any CPU
		{8F5ED307-8C1C-A195-1F37-CC33E284F029}.Debug|Any CPU.Build.0 = Debug|Any CPU
		{8F5ED307-8C1C-A195-1F37-CC33E284F029}.Release|Any CPU.ActiveCfg = Release|Any CPU
		{8F5ED307-8C1C-A195-1F37-CC33E284F029}.Release|Any CPU.Build.0 = Release|Any CPU
		{0CB92C0B-F10A-99BF-9899-B19BF48F71D4}.Debug|Any CPU.ActiveCfg = Debug|Any CPU
		{0CB92C0B-F10A-99BF-9899-B19BF48F71D4}.Debug|Any CPU.Build.0 = Debug|Any CPU
		{0CB92C0B-F10A-99BF-9899-B19BF48F71D4}.Release|Any CPU.ActiveCfg = Release|Any CPU
		{0CB92C0B-F10A-99BF-9899-B19BF48F71D4}.Release|Any CPU.Build.0 = Release|Any CPU
		{A075B078-26EE-C964-ECF7-43F220AABE87}.Debug|Any CPU.ActiveCfg = Debug|Any CPU
		{A075B078-26EE-C964-ECF7-43F220AABE87}.Debug|Any CPU.Build.0 = Debug|Any CPU
		{A075B078-26EE-C964-ECF7-43F220AABE87}.Release|Any CPU.ActiveCfg = Release|Any CPU
		{A075B078-26EE-C964-ECF7-43F220AABE87}.Release|Any CPU.Build.0 = Release|Any CPU
		{3805D4EE-F9AC-3B3A-9548-204DFDC07DF7}.Debug|Any CPU.ActiveCfg = Debug|Any CPU
		{3805D4EE-F9AC-3B3A-9548-204DFDC07DF7}.Debug|Any CPU.Build.0 = Debug|Any CPU
		{3805D4EE-F9AC-3B3A-9548-204DFDC07DF7}.Release|Any CPU.ActiveCfg = Release|Any CPU
		{3805D4EE-F9AC-3B3A-9548-204DFDC07DF7}.Release|Any CPU.Build.0 = Release|Any CPU
		{54523B7D-AE43-6219-12A7-F78984EF0E94}.Debug|Any CPU.ActiveCfg = Debug|Any CPU
		{54523B7D-AE43-6219-12A7-F78984EF0E94}.Debug|Any CPU.Build.0 = Debug|Any CPU
		{54523B7D-AE43-6219-12A7-F78984EF0E94}.Release|Any CPU.ActiveCfg = Release|Any CPU
		{54523B7D-AE43-6219-12A7-F78984EF0E94}.Release|Any CPU.Build.0 = Release|Any CPU
		{BCA89DEE-A03E-4605-8BF4-7D1AC9BCA3A5}.Debug|Any CPU.ActiveCfg = Debug|Any CPU
		{BCA89DEE-A03E-4605-8BF4-7D1AC9BCA3A5}.Debug|Any CPU.Build.0 = Debug|Any CPU
		{BCA89DEE-A03E-4605-8BF4-7D1AC9BCA3A5}.Release|Any CPU.ActiveCfg = Release|Any CPU
		{BCA89DEE-A03E-4605-8BF4-7D1AC9BCA3A5}.Release|Any CPU.Build.0 = Release|Any CPU
		{8BDB3994-F469-A89A-6192-736EA31A01AA}.Debug|Any CPU.ActiveCfg = Debug|Any CPU
		{8BDB3994-F469-A89A-6192-736EA31A01AA}.Debug|Any CPU.Build.0 = Debug|Any CPU
		{8BDB3994-F469-A89A-6192-736EA31A01AA}.Release|Any CPU.ActiveCfg = Release|Any CPU
		{8BDB3994-F469-A89A-6192-736EA31A01AA}.Release|Any CPU.Build.0 = Release|Any CPU
		{12A3F707-D1AA-8C6C-F93A-F9C5896D7D64}.Debug|Any CPU.ActiveCfg = Debug|Any CPU
		{12A3F707-D1AA-8C6C-F93A-F9C5896D7D64}.Debug|Any CPU.Build.0 = Debug|Any CPU
		{12A3F707-D1AA-8C6C-F93A-F9C5896D7D64}.Release|Any CPU.ActiveCfg = Release|Any CPU
		{12A3F707-D1AA-8C6C-F93A-F9C5896D7D64}.Release|Any CPU.Build.0 = Release|Any CPU
		{0BAE68BD-2B89-0C5F-D9B7-B5F75D78527A}.Debug|Any CPU.ActiveCfg = Debug|Any CPU
		{0BAE68BD-2B89-0C5F-D9B7-B5F75D78527A}.Debug|Any CPU.Build.0 = Debug|Any CPU
		{0BAE68BD-2B89-0C5F-D9B7-B5F75D78527A}.Release|Any CPU.ActiveCfg = Release|Any CPU
		{0BAE68BD-2B89-0C5F-D9B7-B5F75D78527A}.Release|Any CPU.Build.0 = Release|Any CPU
		{555569C0-C0E7-B453-DD42-BE35B304098F}.Debug|Any CPU.ActiveCfg = Debug|Any CPU
		{555569C0-C0E7-B453-DD42-BE35B304098F}.Debug|Any CPU.Build.0 = Debug|Any CPU
		{555569C0-C0E7-B453-DD42-BE35B304098F}.Release|Any CPU.ActiveCfg = Release|Any CPU
		{555569C0-C0E7-B453-DD42-BE35B304098F}.Release|Any CPU.Build.0 = Release|Any CPU
		{4F6A0722-61A0-7CB8-6CED-1539106D1D9C}.Debug|Any CPU.ActiveCfg = Debug|Any CPU
		{4F6A0722-61A0-7CB8-6CED-1539106D1D9C}.Debug|Any CPU.Build.0 = Debug|Any CPU
		{4F6A0722-61A0-7CB8-6CED-1539106D1D9C}.Release|Any CPU.ActiveCfg = Release|Any CPU
		{4F6A0722-61A0-7CB8-6CED-1539106D1D9C}.Release|Any CPU.Build.0 = Release|Any CPU
		{58BC3553-E71B-A08C-C842-69EB1B16D857}.Debug|Any CPU.ActiveCfg = Debug|Any CPU
		{58BC3553-E71B-A08C-C842-69EB1B16D857}.Debug|Any CPU.Build.0 = Debug|Any CPU
		{58BC3553-E71B-A08C-C842-69EB1B16D857}.Release|Any CPU.ActiveCfg = Release|Any CPU
		{58BC3553-E71B-A08C-C842-69EB1B16D857}.Release|Any CPU.Build.0 = Release|Any CPU
	EndGlobalSection
	GlobalSection(SolutionProperties) = preSolution
		HideSolutionNode = FALSE
	EndGlobalSection
EndGlobal
